
Microsoft Visual Studio Solution File, Format Version 12.00
# Visual Studio Version 16
VisualStudioVersion = 16.0.30330.147
MinimumVisualStudioVersion = 10.0.40219.1
Project("{9A19103F-16F7-4668-BE54-9A1E7A4F7556}") = "siteçalışma", "siteçalışma.csproj", "{D927646B-21D8-478F-A87E-7A6E49191628}"
EndProject
Project("{9A19103F-16F7-4668-BE54-9A1E7A4F7556}") = "birim", "..\birim\birim.csproj", "{B2E51685-5433-489C-8235-8C3185E89574}"
EndProject
Project("{9A19103F-16F7-4668-BE54-9A1E7A4F7556}") = "sınıf tanıtımı", "..\sınıf tanıtımı\sınıf tanıtımı.csproj", "{E8794537-0BA9-4EE2-94D3-5CB4BAAD0409}"
EndProject
Project("{9A19103F-16F7-4668-BE54-9A1E7A4F7556}") = "market", "..\market\market.csproj", "{F4B88463-E7FB-45FC-BEA9-9DEF6C25DE32}"
EndProject
Project("{9A19103F-16F7-4668-BE54-9A1E7A4F7556}") = "matematik", "..\matematik\matematik.csproj", "{AC0F79EB-AC16-4891-B843-5A6DE2E5121F}"
EndProject
Project("{FAE04EC0-301F-11D3-BF4B-00C04F79EFBC}") = "değer referans atama", "..\değer referans atama\değer referans atama.csproj", "{BDFEF204-7297-4712-A74A-0E4DE2BFAB3E}"
EndProject
Project("{FAE04EC0-301F-11D3-BF4B-00C04F79EFBC}") = "OOP1", "..\OOP1\OOP1.csproj", "{132D8759-4433-49EB-B683-01C88023131E}"
EndProject
Project("{FAE04EC0-301F-11D3-BF4B-00C04F79EFBC}") = "koleksiy", "..\koleksiy\koleksiy.csproj", "{31898E2E-43C9-45C7-97C7-B67C800DC914}"
EndProject
Project("{FAE04EC0-301F-11D3-BF4B-00C04F79EFBC}") = "genel methodlar", "..\genel methodlar\genel methodlar.csproj", "{37205D62-6684-4C55-B3EE-4D85AA6F459B}"
EndProject
Global
	GlobalSection(SolutionConfigurationPlatforms) = preSolution
		Debug|Any CPU = Debug|Any CPU
		Release|Any CPU = Release|Any CPU
	EndGlobalSection
	GlobalSection(ProjectConfigurationPlatforms) = postSolution
		{D927646B-21D8-478F-A87E-7A6E49191628}.Debug|Any CPU.ActiveCfg = Debug|Any CPU
		{D927646B-21D8-478F-A87E-7A6E49191628}.Debug|Any CPU.Build.0 = Debug|Any CPU
		{D927646B-21D8-478F-A87E-7A6E49191628}.Release|Any CPU.ActiveCfg = Release|Any CPU
		{D927646B-21D8-478F-A87E-7A6E49191628}.Release|Any CPU.Build.0 = Release|Any CPU
		{B2E51685-5433-489C-8235-8C3185E89574}.Debug|Any CPU.ActiveCfg = Debug|Any CPU
		{B2E51685-5433-489C-8235-8C3185E89574}.Debug|Any CPU.Build.0 = Debug|Any CPU
		{B2E51685-5433-489C-8235-8C3185E89574}.Release|Any CPU.ActiveCfg = Release|Any CPU
		{B2E51685-5433-489C-8235-8C3185E89574}.Release|Any CPU.Build.0 = Release|Any CPU
		{E8794537-0BA9-4EE2-94D3-5CB4BAAD0409}.Debug|Any CPU.ActiveCfg = Debug|Any CPU
		{E8794537-0BA9-4EE2-94D3-5CB4BAAD0409}.Debug|Any CPU.Build.0 = Debug|Any CPU
		{E8794537-0BA9-4EE2-94D3-5CB4BAAD0409}.Release|Any CPU.ActiveCfg = Release|Any CPU
		{E8794537-0BA9-4EE2-94D3-5CB4BAAD0409}.Release|Any CPU.Build.0 = Release|Any CPU
		{F4B88463-E7FB-45FC-BEA9-9DEF6C25DE32}.Debug|Any CPU.ActiveCfg = Debug|Any CPU
		{F4B88463-E7FB-45FC-BEA9-9DEF6C25DE32}.Debug|Any CPU.Build.0 = Debug|Any CPU
		{F4B88463-E7FB-45FC-BEA9-9DEF6C25DE32}.Release|Any CPU.ActiveCfg = Release|Any CPU
		{F4B88463-E7FB-45FC-BEA9-9DEF6C25DE32}.Release|Any CPU.Build.0 = Release|Any CPU
		{AC0F79EB-AC16-4891-B843-5A6DE2E5121F}.Debug|Any CPU.ActiveCfg = Debug|Any CPU
		{AC0F79EB-AC16-4891-B843-5A6DE2E5121F}.Debug|Any CPU.Build.0 = Debug|Any CPU
		{AC0F79EB-AC16-4891-B843-5A6DE2E5121F}.Release|Any CPU.ActiveCfg = Release|Any CPU
		{AC0F79EB-AC16-4891-B843-5A6DE2E5121F}.Release|Any CPU.Build.0 = Release|Any CPU
		{BDFEF204-7297-4712-A74A-0E4DE2BFAB3E}.Debug|Any CPU.ActiveCfg = Debug|Any CPU
		{BDFEF204-7297-4712-A74A-0E4DE2BFAB3E}.Debug|Any CPU.Build.0 = Debug|Any CPU
		{BDFEF204-7297-4712-A74A-0E4DE2BFAB3E}.Release|Any CPU.ActiveCfg = Release|Any CPU
		{BDFEF204-7297-4712-A74A-0E4DE2BFAB3E}.Release|Any CPU.Build.0 = Release|Any CPU
		{132D8759-4433-49EB-B683-01C88023131E}.Debug|Any CPU.ActiveCfg = Debug|Any CPU
		{132D8759-4433-49EB-B683-01C88023131E}.Debug|Any CPU.Build.0 = Debug|Any CPU
		{132D8759-4433-49EB-B683-01C88023131E}.Release|Any CPU.ActiveCfg = Release|Any CPU
		{132D8759-4433-49EB-B683-01C88023131E}.Release|Any CPU.Build.0 = Release|Any CPU
		{31898E2E-43C9-45C7-97C7-B67C800DC914}.Debug|Any CPU.ActiveCfg = Debug|Any CPU
		{31898E2E-43C9-45C7-97C7-B67C800DC914}.Debug|Any CPU.Build.0 = Debug|Any CPU
		{31898E2E-43C9-45C7-97C7-B67C800DC914}.Release|Any CPU.ActiveCfg = Release|Any CPU
		{31898E2E-43C9-45C7-97C7-B67C800DC914}.Release|Any CPU.Build.0 = Release|Any CPU
		{37205D62-6684-4C55-B3EE-4D85AA6F459B}.Debug|Any CPU.ActiveCfg = Debug|Any CPU
		{37205D62-6684-4C55-B3EE-4D85AA6F459B}.Debug|Any CPU.Build.0 = Debug|Any CPU
		{37205D62-6684-4C55-B3EE-4D85AA6F459B}.Release|Any CPU.ActiveCfg = Release|Any CPU
		{37205D62-6684-4C55-B3EE-4D85AA6F459B}.Release|Any CPU.Build.0 = Release|Any CPU
	EndGlobalSection
	GlobalSection(SolutionProperties) = preSolution
		HideSolutionNode = FALSE
	EndGlobalSection
	GlobalSection(ExtensibilityGlobals) = postSolution
		SolutionGuid = {9CAF4F75-1B38-492F-A4E5-87BC2E12A95F}
	EndGlobalSection
EndGlobal
